
Microsoft Visual Studio Solution File, Format Version 12.00
# Visual Studio Version 16
VisualStudioVersion = 16.0.32228.343
MinimumVisualStudioVersion = 10.0.40219.1
Project("{FAE04EC0-301F-11D3-BF4B-00C04F79EFBC}") = "excepciones-cSharp", "excepciones-cSharp.csproj", "{63871CF8-2082-4DFE-987A-3A65F084EBD2}"
EndProject
Global
	GlobalSection(SolutionConfigurationPlatforms) = preSolution
		Debug|Any CPU = Debug|Any CPU
		Release|Any CPU = Release|Any CPU
	EndGlobalSection
	GlobalSection(ProjectConfigurationPlatforms) = postSolution
		{63871CF8-2082-4DFE-987A-3A65F084EBD2}.Debug|Any CPU.ActiveCfg = Debug|Any CPU
		{63871CF8-2082-4DFE-987A-3A65F084EBD2}.Debug|Any CPU.Build.0 = Debug|Any CPU
		{63871CF8-2082-4DFE-987A-3A65F084EBD2}.Release|Any CPU.ActiveCfg = Release|Any CPU
		{63871CF8-2082-4DFE-987A-3A65F084EBD2}.Release|Any CPU.Build.0 = Release|Any CPU
	EndGlobalSection
	GlobalSection(SolutionProperties) = preSolution
		HideSolutionNode = FALSE
	EndGlobalSection
	GlobalSection(ExtensibilityGlobals) = postSolution
		SolutionGuid = {E2DF58FD-328E-4898-A2A8-547C7E09DA37}
	EndGlobalSection
EndGlobal
